
Microsoft Visual Studio Solution File, Format Version 12.00
# Visual Studio Version 17
VisualStudioVersion = 17.0.31903.59
MinimumVisualStudioVersion = 10.0.40219.1
Project("{FAE04EC0-301F-11D3-BF4B-00C04F79EFBC}") = "testdot9", "testdot9\testdot9.csproj", "{76DDD8D7-5093-41B5-B4BA-C2D24AD34727}"
EndProject
Project("{FAE04EC0-301F-11D3-BF4B-00C04F79EFBC}") = "Test", "Test\Test.csproj", "{4DCE09B3-7758-4AF5-8FD7-F6F07B8D4F7E}"
EndProject
Global
	GlobalSection(SolutionConfigurationPlatforms) = preSolution
		Debug|Any CPU = Debug|Any CPU
		Release|Any CPU = Release|Any CPU
	EndGlobalSection
	GlobalSection(SolutionProperties) = preSolution
		HideSolutionNode = FALSE
	EndGlobalSection
	GlobalSection(ProjectConfigurationPlatforms) = postSolution
		{76DDD8D7-5093-41B5-B4BA-C2D24AD34727}.Debug|Any CPU.ActiveCfg = Debug|Any CPU
		{76DDD8D7-5093-41B5-B4BA-C2D24AD34727}.Debug|Any CPU.Build.0 = Debug|Any CPU
		{76DDD8D7-5093-41B5-B4BA-C2D24AD34727}.Release|Any CPU.ActiveCfg = Release|Any CPU
		{76DDD8D7-5093-41B5-B4BA-C2D24AD34727}.Release|Any CPU.Build.0 = Release|Any CPU
		{4DCE09B3-7758-4AF5-8FD7-F6F07B8D4F7E}.Debug|Any CPU.ActiveCfg = Debug|Any CPU
		{4DCE09B3-7758-4AF5-8FD7-F6F07B8D4F7E}.Debug|Any CPU.Build.0 = Debug|Any CPU
		{4DCE09B3-7758-4AF5-8FD7-F6F07B8D4F7E}.Release|Any CPU.ActiveCfg = Release|Any CPU
		{4DCE09B3-7758-4AF5-8FD7-F6F07B8D4F7E}.Release|Any CPU.Build.0 = Release|Any CPU
	EndGlobalSection
EndGlobal
